
Microsoft Visual Studio Solution File, Format Version 12.00
# Visual Studio Version 17
VisualStudioVersion = 17.0.31903.59
MinimumVisualStudioVersion = 10.0.40219.1
Project("{FAE04EC0-301F-11D3-BF4B-00C04F79EFBC}") = "Aplicacion T4Ej12", "Aplicacion T4Ej12\Aplicacion T4Ej12.csproj", "{BD042164-6F13-43F6-B267-F11C8B9525E1}"
EndProject
Project("{FAE04EC0-301F-11D3-BF4B-00C04F79EFBC}") = "Automotores", "Automotores\Automotores.csproj", "{72999C16-8471-47E4-A72F-E1CEED5C7B36}"
EndProject
Project("{FAE04EC0-301F-11D3-BF4B-00C04F79EFBC}") = "Figuras", "Figuras\Figuras.csproj", "{12A00A04-1935-4A75-B459-5203DE04AA16}"
EndProject
Global
	GlobalSection(SolutionConfigurationPlatforms) = preSolution
		Debug|Any CPU = Debug|Any CPU
		Release|Any CPU = Release|Any CPU
	EndGlobalSection
	GlobalSection(SolutionProperties) = preSolution
		HideSolutionNode = FALSE
	EndGlobalSection
	GlobalSection(ProjectConfigurationPlatforms) = postSolution
		{BD042164-6F13-43F6-B267-F11C8B9525E1}.Debug|Any CPU.ActiveCfg = Debug|Any CPU
		{BD042164-6F13-43F6-B267-F11C8B9525E1}.Debug|Any CPU.Build.0 = Debug|Any CPU
		{BD042164-6F13-43F6-B267-F11C8B9525E1}.Release|Any CPU.ActiveCfg = Release|Any CPU
		{BD042164-6F13-43F6-B267-F11C8B9525E1}.Release|Any CPU.Build.0 = Release|Any CPU
		{72999C16-8471-47E4-A72F-E1CEED5C7B36}.Debug|Any CPU.ActiveCfg = Debug|Any CPU
		{72999C16-8471-47E4-A72F-E1CEED5C7B36}.Debug|Any CPU.Build.0 = Debug|Any CPU
		{72999C16-8471-47E4-A72F-E1CEED5C7B36}.Release|Any CPU.ActiveCfg = Release|Any CPU
		{72999C16-8471-47E4-A72F-E1CEED5C7B36}.Release|Any CPU.Build.0 = Release|Any CPU
		{12A00A04-1935-4A75-B459-5203DE04AA16}.Debug|Any CPU.ActiveCfg = Debug|Any CPU
		{12A00A04-1935-4A75-B459-5203DE04AA16}.Debug|Any CPU.Build.0 = Debug|Any CPU
		{12A00A04-1935-4A75-B459-5203DE04AA16}.Release|Any CPU.ActiveCfg = Release|Any CPU
		{12A00A04-1935-4A75-B459-5203DE04AA16}.Release|Any CPU.Build.0 = Release|Any CPU
	EndGlobalSection
EndGlobal
